{
    "_meta": {
        "hash": {
            "sha256": "973dd49f52a99f5230652cf87f93b7f57fea1d19a94e447b59b7c2f741009a1a"
        },
        "pipfile-spec": 6,
        "requires": {
            "python_version": "2.7"
        },
        "sources": [
            {
                "name": "pypi",
                "url": "https://pypi.org/simple",
                "verify_ssl": true
            }
        ]
    },
    "default": {
        "9fc1e05": {
            "editable": true,
            "path": "./../spreadlinks"
        },
        "django": {
            "hashes": [
                "sha256:100164556897c1219f33706e63a656b8848d33d09b0161e2deefcc50978cf62d",
                "sha256:2039144fce8f1b603d03fa5a5643578df1ad007c4ed41a617f02a3943f7059a1"
            ],
            "index": "pypi",
            "version": "==1.7.11"
        },
        "django-environ": {
            "hashes": [
                "sha256:6c9d87660142608f63ec7d5ce5564c49b603ea8ff25da595fd6098f6dc82afde",
                "sha256:c57b3c11ec1f319d9474e3e5a79134f40174b17c7cc024bbb2fad84646b120c4"
            ],
            "index": "pypi",
            "version": "==0.4.5"
        },
        "markdown": {
            "hashes": [
                "sha256:9ba587db9daee7ec761cfc656272be6aabe2ed300fece21208e4aab2e457bc8f",
                "sha256:a856869c7ff079ad84a3e19cd87a64998350c2b94e9e08e44270faef33400f81"
            ],
            "index": "pypi",
            "version": "==2.6.11"
        }
    },
    "develop": {}
}
