{
    "_meta": {
        "hash": {
            "sha256": "6e2c0ddc21b051cea90fcf552297f17d4537f6556947aca03064d60004dfbed6"
        },
        "pipfile-spec": 6,
        "requires": {
            "python_version": "2.7"
        },
        "sources": [
            {
                "name": "pypi",
                "url": "https://pypi.org/simple",
                "verify_ssl": true
            }
        ]
    },
    "default": {
        "9fc1e05": {
            "editable": true,
            "path": "./../spreadlinks"
        },
        "django": {
            "hashes": [
                "sha256:c007dba5086061f7d0f4d88a3bc4016d881a7eede86d6c1c4fdbbaadddd53f1d",
                "sha256:c213590aa8599b17a9a914ab017f7dc6fc16c9c69603ecf071100346b8d9d777"
            ],
            "index": "pypi",
            "version": "==1.9.13"
        },
        "django-environ": {
            "hashes": [
                "sha256:6c9d87660142608f63ec7d5ce5564c49b603ea8ff25da595fd6098f6dc82afde",
                "sha256:c57b3c11ec1f319d9474e3e5a79134f40174b17c7cc024bbb2fad84646b120c4"
            ],
            "index": "pypi",
            "version": "==0.4.5"
        },
        "markdown": {
            "hashes": [
                "sha256:9ba587db9daee7ec761cfc656272be6aabe2ed300fece21208e4aab2e457bc8f",
                "sha256:a856869c7ff079ad84a3e19cd87a64998350c2b94e9e08e44270faef33400f81"
            ],
            "index": "pypi",
            "version": "==2.6.11"
        }
    },
    "develop": {}
}
